
Microsoft Visual Studio Solution File, Format Version 12.00
# Visual Studio Version 17
VisualStudioVersion = 17.4.33205.214
MinimumVisualStudioVersion = 10.0.40219.1
Project("{9A19103F-16F7-4668-BE54-9A1E7A4F7556}") = "Labb-7", "Labb-7\Labb-7.csproj", "{9FD8A833-8324-48BC-A803-97840AA14753}"
EndProject
Project("{FAE04EC0-301F-11D3-BF4B-00C04F79EFBC}") = "Labb-7-XUnit-Tests", "Labb-7-XUnit-Tests\Labb-7-XUnit-Tests.csproj", "{D99ED589-6053-4686-ACAD-58D66C5A9B44}"
EndProject
Global
	GlobalSection(SolutionConfigurationPlatforms) = preSolution
		Debug|Any CPU = Debug|Any CPU
		Release|Any CPU = Release|Any CPU
	EndGlobalSection
	GlobalSection(ProjectConfigurationPlatforms) = postSolution
		{9FD8A833-8324-48BC-A803-97840AA14753}.Debug|Any CPU.ActiveCfg = Debug|Any CPU
		{9FD8A833-8324-48BC-A803-97840AA14753}.Debug|Any CPU.Build.0 = Debug|Any CPU
		{9FD8A833-8324-48BC-A803-97840AA14753}.Release|Any CPU.ActiveCfg = Release|Any CPU
		{9FD8A833-8324-48BC-A803-97840AA14753}.Release|Any CPU.Build.0 = Release|Any CPU
		{D99ED589-6053-4686-ACAD-58D66C5A9B44}.Debug|Any CPU.ActiveCfg = Debug|Any CPU
		{D99ED589-6053-4686-ACAD-58D66C5A9B44}.Debug|Any CPU.Build.0 = Debug|Any CPU
		{D99ED589-6053-4686-ACAD-58D66C5A9B44}.Release|Any CPU.ActiveCfg = Release|Any CPU
		{D99ED589-6053-4686-ACAD-58D66C5A9B44}.Release|Any CPU.Build.0 = Release|Any CPU
	EndGlobalSection
	GlobalSection(SolutionProperties) = preSolution
		HideSolutionNode = FALSE
	EndGlobalSection
	GlobalSection(ExtensibilityGlobals) = postSolution
		SolutionGuid = {6AE84340-C37F-43D8-9C17-46CB45E79B86}
	EndGlobalSection
EndGlobal
